// !$*UTF8*$!
{
	archiveVersion = 1;
	classes = {
	};
	objectVersion = 50;
	objects = {

/* Begin PBXBuildFile section */
		AECEC52924CF3D2A00D74E52 /* AppDelegate.swift in Sources */ = {isa = PBXBuildFile; fileRef = AECEC52824CF3D2A00D74E52 /* AppDelegate.swift */; };
		AECEC52B24CF3D2A00D74E52 /* SceneDelegate.swift in Sources */ = {isa = PBXBuildFile; fileRef = AECEC52A24CF3D2A00D74E52 /* SceneDelegate.swift */; };
		AECEC52D24CF3D2A00D74E52 /* ViewController.swift in Sources */ = {isa = PBXBuildFile; fileRef = AECEC52C24CF3D2A00D74E52 /* ViewController.swift */; };
		AECEC53024CF3D2A00D74E52 /* Main.storyboard in Resources */ = {isa = PBXBuildFile; fileRef = AECEC52E24CF3D2A00D74E52 /* Main.storyboard */; };
		AECEC53224CF3D3100D74E52 /* Assets.xcassets in Resources */ = {isa = PBXBuildFile; fileRef = AECEC53124CF3D3100D74E52 /* Assets.xcassets */; };
		AECEC53524CF3D3100D74E52 /* LaunchScreen.storyboard in Resources */ = {isa = PBXBuildFile; fileRef = AECEC53324CF3D3100D74E52 /* LaunchScreen.storyboard */; };
/* End PBXBuildFile section */

/* Begin PBXFileReference section */
		AECEC52524CF3D2A00D74E52 /* Three Letter Word hackwich.app */ = {isa = PBXFileReference; explicitFileType = wrapper.application; includeInIndex = 0; path = "Three Letter Word hackwich.app"; sourceTree = BUILT_PRODUCTS_DIR; };
		AECEC52824CF3D2A00D74E52 /* AppDelegate.swift */ = {isa = PBXFileReference; lastKnownFileType = sourcecode.swift; path = AppDelegate.swift; sourceTree = "<group>"; };
		AECEC52A24CF3D2A00D74E52 /* SceneDelegate.swift */ = {isa = PBXFileReference; lastKnownFileType = sourcecode.swift; path = SceneDelegate.swift; sourceTree = "<group>"; };
		AECEC52C24CF3D2A00D74E52 /* ViewController.swift */ = {isa = PBXFileReference; lastKnownFileType = sourcecode.swift; path = ViewController.swift; sourceTree = "<group>"; };
		AECEC52F24CF3D2A00D74E52 /* Base */ = {isa = PBXFileReference; lastKnownFileType = file.storyboard; name = Base; path = Base.lproj/Main.storyboard; sourceTree = "<group>"; };
		AECEC53124CF3D3100D74E52 /* Assets.xcassets */ = {isa = PBXFileReference; lastKnownFileType = folder.assetcatalog; path = Assets.xcassets; sourceTree = "<group>"; };
		AECEC53424CF3D3100D74E52 /* Base */ = {isa = PBXFileReference; lastKnownFileType = file.storyboard; name = Base; path = Base.lproj/LaunchScreen.storyboard; sourceTree = "<group>"; };
		AECEC53624CF3D3100D74E52 /* Info.plist */ = {isa = PBXFileReference; lastKnownFileType = text.plist.xml; path = Info.plist; sourceTree = "<group>"; };
/* End PBXFileReference section */

/* Begin PBXFrameworksBuildPhase section */
		AECEC52224CF3D2A00D74E52 /* Frameworks */ = {
			isa = PBXFrameworksBuildPhase;
			buildActionMask = 2147483647;
			files = (
			);
			runOnlyForDeploymentPostprocessing = 0;
		};
/* End PBXFrameworksBuildPhase section */

/* Begin PBXGroup section */
		AECEC51C24CF3D2A00D74E52 = {
			isa = PBXGroup;
			children = (
				AECEC52724CF3D2A00D74E52 /* Three Letter Word hackwich */,
				AECEC52624CF3D2A00D74E52 /* Products */,
			);
			sourceTree = "<group>";
		};
		AECEC52624CF3D2A00D74E52 /* Products */ = {
			isa = PBXGroup;
			children = (
				AECEC52524CF3D2A00D74E52 /* Three Letter Word hackwich.app */,
			);
			name = Products;
			sourceTree = "<group>";
		};
		AECEC52724CF3D2A00D74E52 /* Three Letter Word hackwich */ = {
			isa = PBXGroup;
			children = (
				AECEC52824CF3D2A00D74E52 /* AppDelegate.swift */,
				AECEC52A24CF3D2A00D74E52 /* SceneDelegate.swift */,
				AECEC52C24CF3D2A00D74E52 /* ViewController.swift */,
				AECEC52E24CF3D2A00D74E52 /* Main.storyboard */,
				AECEC53124CF3D3100D74E52 /* Assets.xcassets */,
				AECEC53324CF3D3100D74E52 /* LaunchScreen.storyboard */,
				AECEC53624CF3D3100D74E52 /* Info.plist */,
			);
			path = "Three Letter Word hackwich";
			sourceTree = "<group>";
		};
/* End PBXGroup section */

/* Begin PBXNativeTarget section */
		AECEC52424CF3D2A00D74E52 /* Three Letter Word hackwich */ = {
			isa = PBXNativeTarget;
			buildConfigurationList = AECEC53924CF3D3100D74E52 /* Build configuration list for PBXNativeTarget "Three Letter Word hackwich" */;
			buildPhases = (
				AECEC52124CF3D2A00D74E52 /* Sources */,
				AECEC52224CF3D2A00D74E52 /* Frameworks */,
				AECEC52324CF3D2A00D74E52 /* Resources */,
			);
			buildRules = (
			);
			dependencies = (
			);
			name = "Three Letter Word hackwich";
			productName = "Three Letter Word hackwich";
			productReference = AECEC52524CF3D2A00D74E52 /* Three Letter Word hackwich.app */;
			productType = "com.apple.product-type.application";
		};
/* End PBXNativeTarget section */

/* Begin PBXProject section */
		AECEC51D24CF3D2A00D74E52 /* Project object */ = {
			isa = PBXProject;
			attributes = {
				LastSwiftUpdateCheck = 1150;
				LastUpgradeCheck = 1150;
				ORGANIZATIONNAME = tbredemeier;
				TargetAttributes = {
					AECEC52424CF3D2A00D74E52 = {
						CreatedOnToolsVersion = 11.5;
					};
				};
			};
			buildConfigurationList = AECEC52024CF3D2A00D74E52 /* Build configuration list for PBXProject "Three Letter Word hackwich" */;
			compatibilityVersion = "Xcode 9.3";
			developmentRegion = en;
			hasScannedForEncodings = 0;
			knownRegions = (
				en,
				Base,
			);
			mainGroup = AECEC51C24CF3D2A00D74E52;
			productRefGroup = AECEC52624CF3D2A00D74E52 /* Products */;
			projectDirPath = "";
			projectRoot = "";
			targets = (
				AECEC52424CF3D2A00D74E52 /* Three Letter Word hackwich */,
			);
		};
/* End PBXProject section */

/* Begin PBXResourcesBuildPhase section */
		AECEC52324CF3D2A00D74E52 /* Resources */ = {
			isa = PBXResourcesBuildPhase;
			buildActionMask = 2147483647;
			files = (
				AECEC53524CF3D3100D74E52 /* LaunchScreen.storyboard in Resources */,
				AECEC53224CF3D3100D74E52 /* Assets.xcassets in Resources */,
				AECEC53024CF3D2A00D74E52 /* Main.storyboard in Resources */,
			);
			runOnlyForDeploymentPostprocessing = 0;
		};
/* End PBXResourcesBuildPhase section */

/* Begin PBXSourcesBuildPhase section */
		AECEC52124CF3D2A00D74E52 /* Sources */ = {
			isa = PBXSourcesBuildPhase;
			buildActionMask = 2147483647;
			files = (
				AECEC52D24CF3D2A00D74E52 /* ViewController.swift in Sources */,
				AECEC52924CF3D2A00D74E52 /* AppDelegate.swift in Sources */,
				AECEC52B24CF3D2A00D74E52 /* SceneDelegate.swift in Sources */,
			);
			runOnlyForDeploymentPostprocessing = 0;
		};
/* End PBXSourcesBuildPhase section */

/* Begin PBXVariantGroup section */
		AECEC52E24CF3D2A00D74E52 /* Main.storyboard */ = {
			isa = PBXVariantGroup;
			children = (
				AECEC52F24CF3D2A00D74E52 /* Base */,
			);
			name = Main.storyboard;
			sourceTree = "<group>";
		};
		AECEC53324CF3D3100D74E52 /* LaunchScreen.storyboard */ = {
			isa = PBXVariantGroup;
			children = (
				AECEC53424CF3D3100D74E52 /* Base */,
			);
			name = LaunchScreen.storyboard;
			sourceTree = "<group>";
		};
/* End PBXVariantGroup section */

/* Begin XCBuildConfiguration section */
		AECEC53724CF3D3100D74E52 /* Debug */ = {
			isa = XCBuildConfiguration;
			buildSettings = {
				ALWAYS_SEARCH_USER_PATHS = NO;
				CLANG_ANALYZER_NONNULL = YES;
				CLANG_ANALYZER_NUMBER_OBJECT_CONVERSION = YES_AGGRESSIVE;
				CLANG_CXX_LANGUAGE_STANDARD = "gnu++14";
				CLANG_CXX_LIBRARY = "libc++";
				CLANG_ENABLE_MODULES = YES;
				CLANG_ENABLE_OBJC_ARC = YES;
				CLANG_ENABLE_OBJC_WEAK = YES;
				CLANG_WARN_BLOCK_CAPTURE_AUTORELEASING = YES;
				CLANG_WARN_BOOL_CONVERSION = YES;
				CLANG_WARN_COMMA = YES;
				CLANG_WARN_CONSTANT_CONVERSION = YES;
				CLANG_WARN_DEPRECATED_OBJC_IMPLEMENTATIONS = YES;
				CLANG_WARN_DIRECT_OBJC_ISA_USAGE = YES_ERROR;
				CLANG_WARN_DOCUMENTATION_COMMENTS = YES;
				CLANG_WARN_EMPTY_BODY = YES;
				CLANG_WARN_ENUM_CONVERSION = YES;
				CLANG_WARN_INFINITE_RECURSION = YES;
				CLANG_WARN_INT_CONVERSION = YES;
				CLANG_WARN_NON_LITERAL_NULL_CONVERSION = YES;
				CLANG_WARN_OBJC_IMPLICIT_RETAIN_SELF = YES;
				CLANG_WARN_OBJC_LITERAL_CONVERSION = YES;
				CLANG_WARN_OBJC_ROOT_CLASS = YES_ERROR;
				CLANG_WARN_RANGE_LOOP_ANALYSIS = YES;
				CLANG_WARN_STRICT_PROTOTYPES = YES;
				CLANG_WARN_SUSPICIOUS_MOVE = YES;
				CLANG_WARN_UNGUARDED_AVAILABILITY = YES_AGGRESSIVE;
				CLANG_WARN_UNREACHABLE_CODE = YES;
				CLANG_WARN__DUPLICATE_METHOD_MATCH = YES;
				COPY_PHASE_STRIP = NO;
				DEBUG_INFORMATION_FORMAT = dwarf;
				ENABLE_STRICT_OBJC_MSGSEND = YES;
				ENABLE_TESTABILITY = YES;
				GCC_C_LANGUAGE_STANDARD = gnu11;
				GCC_DYNAMIC_NO_PIC = NO;
				GCC_NO_COMMON_BLOCKS = YES;
				GCC_OPTIMIZATION_LEVEL = 0;
				GCC_PREPROCESSOR_DEFINITIONS = (
					"DEBUG=1",
					"$(inherited)",
				);
				GCC_WARN_64_TO_32_BIT_CONVERSION = YES;
				GCC_WARN_ABOUT_RETURN_TYPE = YES_ERROR;
				GCC_WARN_UNDECLARED_SELECTOR = YES;
				GCC_WARN_UNINITIALIZED_AUTOS = YES_AGGRESSIVE;
				GCC_WARN_UNUSED_FUNCTION = YES;
				GCC_WARN_UNUSED_VARIABLE = YES;
				IPHONEOS_DEPLOYMENT_TARGET = 13.5;
				MTL_ENABLE_DEBUG_INFO = INCLUDE_SOURCE;
				MTL_FAST_MATH = YES;
				ONLY_ACTIVE_ARCH = YES;
				SDKROOT = iphoneos;
				SWIFT_ACTIVE_COMPILATION_CONDITIONS = DEBUG;
				SWIFT_OPTIMIZATION_LEVEL = "-Onone";
			};
			name = Debug;
		};
		AECEC53824CF3D3100D74E52 /* Release */ = {
			isa = XCBuildConfiguration;
			buildSettings = {
				ALWAYS_SEARCH_USER_PATHS = NO;
				CLANG_ANALYZER_NONNULL = YES;
				CLANG_ANALYZER_NUMBER_OBJECT_CONVERSION = YES_AGGRESSIVE;
				CLANG_CXX_LANGUAGE_STANDARD = "gnu++14";
				CLANG_CXX_LIBRARY = "libc++";
				CLANG_ENABLE_MODULES = YES;
				CLANG_ENABLE_OBJC_ARC = YES;
				CLANG_ENABLE_OBJC_WEAK = YES;
				CLANG_WARN_BLOCK_CAPTURE_AUTORELEASING = YES;
				CLANG_WARN_BOOL_CONVERSION = YES;
				CLANG_WARN_COMMA = YES;
				CLANG_WARN_CONSTANT_CONVERSION = YES;
				CLANG_WARN_DEPRECATED_OBJC_IMPLEMENTATIONS = YES;
				CLANG_WARN_DIRECT_OBJC_ISA_USAGE = YES_ERROR;
				CLANG_WARN_DOCUMENTATION_COMMENTS = YES;
				CLANG_WARN_EMPTY_BODY = YES;
				CLANG_WARN_ENUM_CONVERSION = YES;
				CLANG_WARN_INFINITE_RECURSION = YES;
				CLANG_WARN_INT_CONVERSION = YES;
				CLANG_WARN_NON_LITERAL_NULL_CONVERSION = YES;
				CLANG_WARN_OBJC_IMPLICIT_RETAIN_SELF = YES;
				CLANG_WARN_OBJC_LITERAL_CONVERSION = YES;
				CLANG_WARN_OBJC_ROOT_CLASS = YES_ERROR;
				CLANG_WARN_RANGE_LOOP_ANALYSIS = YES;
				CLANG_WARN_STRICT_PROTOTYPES = YES;
				CLANG_WARN_SUSPICIOUS_MOVE = YES;
				CLANG_WARN_UNGUARDED_AVAILABILITY = YES_AGGRESSIVE;
				CLANG_WARN_UNREACHABLE_CODE = YES;
				CLANG_WARN__DUPLICATE_METHOD_MATCH = YES;
				COPY_PHASE_STRIP = NO;
				DEBUG_INFORMATION_FORMAT = "dwarf-with-dsym";
				ENABLE_NS_ASSERTIONS = NO;
				ENABLE_STRICT_OBJC_MSGSEND = YES;
				GCC_C_LANGUAGE_STANDARD = gnu11;
				GCC_NO_COMMON_BLOCKS = YES;
				GCC_WARN_64_TO_32_BIT_CONVERSION = YES;
				GCC_WARN_ABOUT_RETURN_TYPE = YES_ERROR;
				GCC_WARN_UNDECLARED_SELECTOR = YES;
				GCC_WARN_UNINITIALIZED_AUTOS = YES_AGGRESSIVE;
				GCC_WARN_UNUSED_FUNCTION = YES;
				GCC_WARN_UNUSED_VARIABLE = YES;
				IPHONEOS_DEPLOYMENT_TARGET = 13.5;
				MTL_ENABLE_DEBUG_INFO = NO;
				MTL_FAST_MATH = YES;
				SDKROOT = iphoneos;
				SWIFT_COMPILATION_MODE = wholemodule;
				SWIFT_OPTIMIZATION_LEVEL = "-O";
				VALIDATE_PRODUCT = YES;
			};
			name = Release;
		};
		AECEC53A24CF3D3100D74E52 /* Debug */ = {
			isa = XCBuildConfiguration;
			buildSettings = {
				ASSETCATALOG_COMPILER_APPICON_NAME = AppIcon;
				CODE_SIGN_STYLE = Automatic;
				DEVELOPMENT_TEAM = BWWRUGX9KF;
				INFOPLIST_FILE = "Three Letter Word hackwich/Info.plist";
				LD_RUNPATH_SEARCH_PATHS = (
					"$(inherited)",
					"@executable_path/Frameworks",
				);
				PRODUCT_BUNDLE_IDENTIFIER = "Zephyr.Three-Letter-Word-hackwich";
				PRODUCT_NAME = "$(TARGET_NAME)";
				SWIFT_VERSION = 5.0;
				TARGETED_DEVICE_FAMILY = "1,2";
			};
			name = Debug;
		};
		AECEC53B24CF3D3100D74E52 /* Release */ = {
			isa = XCBuildConfiguration;
			buildSettings = {
				ASSETCATALOG_COMPILER_APPICON_NAME = AppIcon;
				CODE_SIGN_STYLE = Automatic;
				DEVELOPMENT_TEAM = BWWRUGX9KF;
				INFOPLIST_FILE = "Three Letter Word hackwich/Info.plist";
				LD_RUNPATH_SEARCH_PATHS = (
					"$(inherited)",
					"@executable_path/Frameworks",
				);
				PRODUCT_BUNDLE_IDENTIFIER = "Zephyr.Three-Letter-Word-hackwich";
				PRODUCT_NAME = "$(TARGET_NAME)";
				SWIFT_VERSION = 5.0;
				TARGETED_DEVICE_FAMILY = "1,2";
			};
			name = Release;
		};
/* End XCBuildConfiguration section */

/* Begin XCConfigurationList section */
		AECEC52024CF3D2A00D74E52 /* Build configuration list for PBXProject "Three Letter Word hackwich" */ = {
			isa = XCConfigurationList;
			buildConfigurations = (
				AECEC53724CF3D3100D74E52 /* Debug */,
				AECEC53824CF3D3100D74E52 /* Release */,
			);
			defaultConfigurationIsVisible = 0;
			defaultConfigurationName = Release;
		};
		AECEC53924CF3D3100D74E52 /* Build configuration list for PBXNativeTarget "Three Letter Word hackwich" */ = {
			isa = XCConfigurationList;
			buildConfigurations = (
				AECEC53A24CF3D3100D74E52 /* Debug */,
				AECEC53B24CF3D3100D74E52 /* Release */,
			);
			defaultConfigurationIsVisible = 0;
			defaultConfigurationName = Release;
		};
/* End XCConfigurationList section */
	};
	rootObject = AECEC51D24CF3D2A00D74E52 /* Project object */;
}
